
Microsoft Visual Studio Solution File, Format Version 11.00
# Visual Studio 2010
Project("{FAE04EC0-301F-11D3-BF4B-00C04F79EFBC}") = "VersionUpdaterSrv", "VersionUpdaterSrv\VersionUpdaterSrv.csproj", "{5324D876-E6D0-49F3-8A91-38AA473D0991}"
EndProject
Global
	GlobalSection(SolutionConfigurationPlatforms) = preSolution
		Debug|Any CPU = Debug|Any CPU
		Release|Any CPU = Release|Any CPU
	EndGlobalSection
	GlobalSection(ProjectConfigurationPlatforms) = postSolution
		{5324D876-E6D0-49F3-8A91-38AA473D0991}.Debug|Any CPU.ActiveCfg = Debug|Any CPU
		{5324D876-E6D0-49F3-8A91-38AA473D0991}.Debug|Any CPU.Build.0 = Debug|Any CPU
		{5324D876-E6D0-49F3-8A91-38AA473D0991}.Release|Any CPU.ActiveCfg = Release|Any CPU
		{5324D876-E6D0-49F3-8A91-38AA473D0991}.Release|Any CPU.Build.0 = Release|Any CPU
	EndGlobalSection
	GlobalSection(SolutionProperties) = preSolution
		HideSolutionNode = FALSE
	EndGlobalSection
EndGlobal
